// !$*UTF8*$!
{
	archiveVersion = 1;
	classes = {
	};
	objectVersion = 46;
	objects = {

/* Begin PBXBuildFile section */
		022E8A341C62B52E00782BCB /* main.m in Sources */ = {isa = PBXBuildFile; fileRef = 022E8A331C62B52E00782BCB /* main.m */; };
		022E8A371C62B52E00782BCB /* AppDelegate.m in Sources */ = {isa = PBXBuildFile; fileRef = 022E8A361C62B52E00782BCB /* AppDelegate.m */; };
		022E8A3A1C62B52E00782BCB /* ViewController.m in Sources */ = {isa = PBXBuildFile; fileRef = 022E8A391C62B52E00782BCB /* ViewController.m */; };
		022E8A3D1C62B52E00782BCB /* Main.storyboard in Resources */ = {isa = PBXBuildFile; fileRef = 022E8A3B1C62B52E00782BCB /* Main.storyboard */; };
		022E8A3F1C62B52E00782BCB /* Assets.xcassets in Resources */ = {isa = PBXBuildFile; fileRef = 022E8A3E1C62B52E00782BCB /* Assets.xcassets */; };
		022E8A421C62B52E00782BCB /* LaunchScreen.storyboard in Resources */ = {isa = PBXBuildFile; fileRef = 022E8A401C62B52E00782BCB /* LaunchScreen.storyboard */; };
/* End PBXBuildFile section */

/* Begin PBXFileReference section */
		022E8A2F1C62B52E00782BCB /* QQ主流框架.app */ = {isa = PBXFileReference; explicitFileType = wrapper.application; includeInIndex = 0; path = "QQ主流框架.app"; sourceTree = BUILT_PRODUCTS_DIR; };
		022E8A331C62B52E00782BCB /* main.m */ = {isa = PBXFileReference; lastKnownFileType = sourcecode.c.objc; path = main.m; sourceTree = "<group>"; };
		022E8A351C62B52E00782BCB /* AppDelegate.h */ = {isa = PBXFileReference; lastKnownFileType = sourcecode.c.h; path = AppDelegate.h; sourceTree = "<group>"; };
		022E8A361C62B52E00782BCB /* AppDelegate.m */ = {isa = PBXFileReference; lastKnownFileType = sourcecode.c.objc; path = AppDelegate.m; sourceTree = "<group>"; };
		022E8A381C62B52E00782BCB /* ViewController.h */ = {isa = PBXFileReference; lastKnownFileType = sourcecode.c.h; path = ViewController.h; sourceTree = "<group>"; };
		022E8A391C62B52E00782BCB /* ViewController.m */ = {isa = PBXFileReference; lastKnownFileType = sourcecode.c.objc; path = ViewController.m; sourceTree = "<group>"; };
		022E8A3C1C62B52E00782BCB /* Base */ = {isa = PBXFileReference; lastKnownFileType = file.storyboard; name = Base; path = Base.lproj/Main.storyboard; sourceTree = "<group>"; };
		022E8A3E1C62B52E00782BCB /* Assets.xcassets */ = {isa = PBXFileReference; lastKnownFileType = folder.assetcatalog; path = Assets.xcassets; sourceTree = "<group>"; };
		022E8A411C62B52E00782BCB /* Base */ = {isa = PBXFileReference; lastKnownFileType = file.storyboard; name = Base; path = Base.lproj/LaunchScreen.storyboard; sourceTree = "<group>"; };
		022E8A431C62B52E00782BCB /* Info.plist */ = {isa = PBXFileReference; lastKnownFileType = text.plist.xml; path = Info.plist; sourceTree = "<group>"; };
/* End PBXFileReference section */

/* Begin PBXFrameworksBuildPhase section */
		022E8A2C1C62B52E00782BCB /* Frameworks */ = {
			isa = PBXFrameworksBuildPhase;
			buildActionMask = 2147483647;
			files = (
			);
			runOnlyForDeploymentPostprocessing = 0;
		};
/* End PBXFrameworksBuildPhase section */

/* Begin PBXGroup section */
		022E8A261C62B52E00782BCB = {
			isa = PBXGroup;
			children = (
				022E8A311C62B52E00782BCB /* QQ主流框架 */,
				022E8A301C62B52E00782BCB /* Products */,
			);
			sourceTree = "<group>";
		};
		022E8A301C62B52E00782BCB /* Products */ = {
			isa = PBXGroup;
			children = (
				022E8A2F1C62B52E00782BCB /* QQ主流框架.app */,
			);
			name = Products;
			sourceTree = "<group>";
		};
		022E8A311C62B52E00782BCB /* QQ主流框架 */ = {
			isa = PBXGroup;
			children = (
				022E8A351C62B52E00782BCB /* AppDelegate.h */,
				022E8A361C62B52E00782BCB /* AppDelegate.m */,
				022E8A381C62B52E00782BCB /* ViewController.h */,
				022E8A391C62B52E00782BCB /* ViewController.m */,
				022E8A3B1C62B52E00782BCB /* Main.storyboard */,
				022E8A3E1C62B52E00782BCB /* Assets.xcassets */,
				022E8A401C62B52E00782BCB /* LaunchScreen.storyboard */,
				022E8A431C62B52E00782BCB /* Info.plist */,
				022E8A321C62B52E00782BCB /* Supporting Files */,
			);
			path = "QQ主流框架";
			sourceTree = "<group>";
		};
		022E8A321C62B52E00782BCB /* Supporting Files */ = {
			isa = PBXGroup;
			children = (
				022E8A331C62B52E00782BCB /* main.m */,
			);
			name = "Supporting Files";
			sourceTree = "<group>";
		};
/* End PBXGroup section */

/* Begin PBXNativeTarget section */
		022E8A2E1C62B52E00782BCB /* QQ主流框架 */ = {
			isa = PBXNativeTarget;
			buildConfigurationList = 022E8A461C62B52E00782BCB /* Build configuration list for PBXNativeTarget "QQ主流框架" */;
			buildPhases = (
				022E8A2B1C62B52E00782BCB /* Sources */,
				022E8A2C1C62B52E00782BCB /* Frameworks */,
				022E8A2D1C62B52E00782BCB /* Resources */,
			);
			buildRules = (
			);
			dependencies = (
			);
			name = "QQ主流框架";
			productName = "QQ主流框架";
			productReference = 022E8A2F1C62B52E00782BCB /* QQ主流框架.app */;
			productType = "com.apple.product-type.application";
		};
/* End PBXNativeTarget section */

/* Begin PBXProject section */
		022E8A271C62B52E00782BCB /* Project object */ = {
			isa = PBXProject;
			attributes = {
				LastUpgradeCheck = 0700;
				ORGANIZATIONNAME = Miles;
				TargetAttributes = {
					022E8A2E1C62B52E00782BCB = {
						CreatedOnToolsVersion = 7.0;
					};
				};
			};
			buildConfigurationList = 022E8A2A1C62B52E00782BCB /* Build configuration list for PBXProject "QQ主流框架" */;
			compatibilityVersion = "Xcode 3.2";
			developmentRegion = English;
			hasScannedForEncodings = 0;
			knownRegions = (
				en,
				Base,
			);
			mainGroup = 022E8A261C62B52E00782BCB;
			productRefGroup = 022E8A301C62B52E00782BCB /* Products */;
			projectDirPath = "";
			projectRoot = "";
			targets = (
				022E8A2E1C62B52E00782BCB /* QQ主流框架 */,
			);
		};
/* End PBXProject section */

/* Begin PBXResourcesBuildPhase section */
		022E8A2D1C62B52E00782BCB /* Resources */ = {
			isa = PBXResourcesBuildPhase;
			buildActionMask = 2147483647;
			files = (
				022E8A421C62B52E00782BCB /* LaunchScreen.storyboard in Resources */,
				022E8A3F1C62B52E00782BCB /* Assets.xcassets in Resources */,
				022E8A3D1C62B52E00782BCB /* Main.storyboard in Resources */,
			);
			runOnlyForDeploymentPostprocessing = 0;
		};
/* End PBXResourcesBuildPhase section */

/* Begin PBXSourcesBuildPhase section */
		022E8A2B1C62B52E00782BCB /* Sources */ = {
			isa = PBXSourcesBuildPhase;
			buildActionMask = 2147483647;
			files = (
				022E8A3A1C62B52E00782BCB /* ViewController.m in Sources */,
				022E8A371C62B52E00782BCB /* AppDelegate.m in Sources */,
				022E8A341C62B52E00782BCB /* main.m in Sources */,
			);
			runOnlyForDeploymentPostprocessing = 0;
		};
/* End PBXSourcesBuildPhase section */

/* Begin PBXVariantGroup section */
		022E8A3B1C62B52E00782BCB /* Main.storyboard */ = {
			isa = PBXVariantGroup;
			children = (
				022E8A3C1C62B52E00782BCB /* Base */,
			);
			name = Main.storyboard;
			sourceTree = "<group>";
		};
		022E8A401C62B52E00782BCB /* LaunchScreen.storyboard */ = {
			isa = PBXVariantGroup;
			children = (
				022E8A411C62B52E00782BCB /* Base */,
			);
			name = LaunchScreen.storyboard;
			sourceTree = "<group>";
		};
/* End PBXVariantGroup section */

/* Begin XCBuildConfiguration section */
		022E8A441C62B52E00782BCB /* Debug */ = {
			isa = XCBuildConfiguration;
			buildSettings = {
				ALWAYS_SEARCH_USER_PATHS = NO;
				CLANG_CXX_LANGUAGE_STANDARD = "gnu++0x";
				CLANG_CXX_LIBRARY = "libc++";
				CLANG_ENABLE_MODULES = YES;
				CLANG_ENABLE_OBJC_ARC = YES;
				CLANG_WARN_BOOL_CONVERSION = YES;
				CLANG_WARN_CONSTANT_CONVERSION = YES;
				CLANG_WARN_DIRECT_OBJC_ISA_USAGE = YES_ERROR;
				CLANG_WARN_EMPTY_BODY = YES;
				CLANG_WARN_ENUM_CONVERSION = YES;
				CLANG_WARN_INT_CONVERSION = YES;
				CLANG_WARN_OBJC_ROOT_CLASS = YES_ERROR;
				CLANG_WARN_UNREACHABLE_CODE = YES;
				CLANG_WARN__DUPLICATE_METHOD_MATCH = YES;
				"CODE_SIGN_IDENTITY[sdk=iphoneos*]" = "iPhone Developer";
				COPY_PHASE_STRIP = NO;
				DEBUG_INFORMATION_FORMAT = dwarf;
				ENABLE_STRICT_OBJC_MSGSEND = YES;
				ENABLE_TESTABILITY = YES;
				GCC_C_LANGUAGE_STANDARD = gnu99;
				GCC_DYNAMIC_NO_PIC = NO;
				GCC_NO_COMMON_BLOCKS = YES;
				GCC_OPTIMIZATION_LEVEL = 0;
				GCC_PREPROCESSOR_DEFINITIONS = (
					"DEBUG=1",
					"$(inherited)",
				);
				GCC_WARN_64_TO_32_BIT_CONVERSION = YES;
				GCC_WARN_ABOUT_RETURN_TYPE = YES_ERROR;
				GCC_WARN_UNDECLARED_SELECTOR = YES;
				GCC_WARN_UNINITIALIZED_AUTOS = YES_AGGRESSIVE;
				GCC_WARN_UNUSED_FUNCTION = YES;
				GCC_WARN_UNUSED_VARIABLE = YES;
				IPHONEOS_DEPLOYMENT_TARGET = 9.0;
				MTL_ENABLE_DEBUG_INFO = YES;
				ONLY_ACTIVE_ARCH = YES;
				SDKROOT = iphoneos;
			};
			name = Debug;
		};
		022E8A451C62B52E00782BCB /* Release */ = {
			isa = XCBuildConfiguration;
			buildSettings = {
				ALWAYS_SEARCH_USER_PATHS = NO;
				CLANG_CXX_LANGUAGE_STANDARD = "gnu++0x";
				CLANG_CXX_LIBRARY = "libc++";
				CLANG_ENABLE_MODULES = YES;
				CLANG_ENABLE_OBJC_ARC = YES;
				CLANG_WARN_BOOL_CONVERSION = YES;
				CLANG_WARN_CONSTANT_CONVERSION = YES;
				CLANG_WARN_DIRECT_OBJC_ISA_USAGE = YES_ERROR;
				CLANG_WARN_EMPTY_BODY = YES;
				CLANG_WARN_ENUM_CONVERSION = YES;
				CLANG_WARN_INT_CONVERSION = YES;
				CLANG_WARN_OBJC_ROOT_CLASS = YES_ERROR;
				CLANG_WARN_UNREACHABLE_CODE = YES;
				CLANG_WARN__DUPLICATE_METHOD_MATCH = YES;
				"CODE_SIGN_IDENTITY[sdk=iphoneos*]" = "iPhone Developer";
				COPY_PHASE_STRIP = NO;
				DEBUG_INFORMATION_FORMAT = "dwarf-with-dsym";
				ENABLE_NS_ASSERTIONS = NO;
				ENABLE_STRICT_OBJC_MSGSEND = YES;
				GCC_C_LANGUAGE_STANDARD = gnu99;
				GCC_NO_COMMON_BLOCKS = YES;
				GCC_WARN_64_TO_32_BIT_CONVERSION = YES;
				GCC_WARN_ABOUT_RETURN_TYPE = YES_ERROR;
				GCC_WARN_UNDECLARED_SELECTOR = YES;
				GCC_WARN_UNINITIALIZED_AUTOS = YES_AGGRESSIVE;
				GCC_WARN_UNUSED_FUNCTION = YES;
				GCC_WARN_UNUSED_VARIABLE = YES;
				IPHONEOS_DEPLOYMENT_TARGET = 9.0;
				MTL_ENABLE_DEBUG_INFO = NO;
				SDKROOT = iphoneos;
				VALIDATE_PRODUCT = YES;
			};
			name = Release;
		};
		022E8A471C62B52E00782BCB /* Debug */ = {
			isa = XCBuildConfiguration;
			buildSettings = {
				ASSETCATALOG_COMPILER_APPICON_NAME = AppIcon;
				INFOPLIST_FILE = "QQ主流框架/Info.plist";
				LD_RUNPATH_SEARCH_PATHS = "$(inherited) @executable_path/Frameworks";
				PRODUCT_BUNDLE_IDENTIFIER = "com.baidu.QQ----";
				PRODUCT_NAME = "$(TARGET_NAME)";
			};
			name = Debug;
		};
		022E8A481C62B52E00782BCB /* Release */ = {
			isa = XCBuildConfiguration;
			buildSettings = {
				ASSETCATALOG_COMPILER_APPICON_NAME = AppIcon;
				INFOPLIST_FILE = "QQ主流框架/Info.plist";
				LD_RUNPATH_SEARCH_PATHS = "$(inherited) @executable_path/Frameworks";
				PRODUCT_BUNDLE_IDENTIFIER = "com.baidu.QQ----";
				PRODUCT_NAME = "$(TARGET_NAME)";
			};
			name = Release;
		};
/* End XCBuildConfiguration section */

/* Begin XCConfigurationList section */
		022E8A2A1C62B52E00782BCB /* Build configuration list for PBXProject "QQ主流框架" */ = {
			isa = XCConfigurationList;
			buildConfigurations = (
				022E8A441C62B52E00782BCB /* Debug */,
				022E8A451C62B52E00782BCB /* Release */,
			);
			defaultConfigurationIsVisible = 0;
			defaultConfigurationName = Release;
		};
		022E8A461C62B52E00782BCB /* Build configuration list for PBXNativeTarget "QQ主流框架" */ = {
			isa = XCConfigurationList;
			buildConfigurations = (
				022E8A471C62B52E00782BCB /* Debug */,
				022E8A481C62B52E00782BCB /* Release */,
			);
			defaultConfigurationIsVisible = 0;
		};
/* End XCConfigurationList section */
	};
	rootObject = 022E8A271C62B52E00782BCB /* Project object */;
}
